
Microsoft Visual Studio Solution File, Format Version 12.00
# Visual Studio 15
VisualStudioVersion = 15.0.26124.0
MinimumVisualStudioVersion = 15.0.26124.0
Project("{FAE04EC0-301F-11D3-BF4B-00C04F79EFBC}") = "ProseTutorial", "ProseTutorial\ProseTutorial.csproj", "{94A97DF3-BBF6-433C-90FB-F739BBF3EE07}"
EndProject
Project("{FAE04EC0-301F-11D3-BF4B-00C04F79EFBC}") = "ProseTutorial.Tests", "ProseTutorial.Tests\ProseTutorial.Tests.csproj", "{CFA1F3FF-F0F7-4A0D-8E44-AB30294A1A7A}"
EndProject
Project("{FAE04EC0-301F-11D3-BF4B-00C04F79EFBC}") = "ProseTutorialApp", "ProseTutorialApp\ProseTutorialApp.csproj", "{C01B0016-1AFC-4936-A019-A1995B2A9173}"
EndProject
Global
	GlobalSection(SolutionConfigurationPlatforms) = preSolution
		Debug|Any CPU = Debug|Any CPU
		Debug|x64 = Debug|x64
		Debug|x86 = Debug|x86
		Release|Any CPU = Release|Any CPU
		Release|x64 = Release|x64
		Release|x86 = Release|x86
	EndGlobalSection
	GlobalSection(SolutionProperties) = preSolution
		HideSolutionNode = FALSE
	EndGlobalSection
	GlobalSection(ProjectConfigurationPlatforms) = postSolution
		{94A97DF3-BBF6-433C-90FB-F739BBF3EE07}.Debug|Any CPU.ActiveCfg = Debug|Any CPU
		{94A97DF3-BBF6-433C-90FB-F739BBF3EE07}.Debug|Any CPU.Build.0 = Debug|Any CPU
		{94A97DF3-BBF6-433C-90FB-F739BBF3EE07}.Debug|x64.ActiveCfg = Debug|x64
		{94A97DF3-BBF6-433C-90FB-F739BBF3EE07}.Debug|x64.Build.0 = Debug|x64
		{94A97DF3-BBF6-433C-90FB-F739BBF3EE07}.Debug|x86.ActiveCfg = Debug|x86
		{94A97DF3-BBF6-433C-90FB-F739BBF3EE07}.Debug|x86.Build.0 = Debug|x86
		{94A97DF3-BBF6-433C-90FB-F739BBF3EE07}.Release|Any CPU.ActiveCfg = Release|Any CPU
		{94A97DF3-BBF6-433C-90FB-F739BBF3EE07}.Release|Any CPU.Build.0 = Release|Any CPU
		{94A97DF3-BBF6-433C-90FB-F739BBF3EE07}.Release|x64.ActiveCfg = Release|x64
		{94A97DF3-BBF6-433C-90FB-F739BBF3EE07}.Release|x64.Build.0 = Release|x64
		{94A97DF3-BBF6-433C-90FB-F739BBF3EE07}.Release|x86.ActiveCfg = Release|x86
		{94A97DF3-BBF6-433C-90FB-F739BBF3EE07}.Release|x86.Build.0 = Release|x86
		{CFA1F3FF-F0F7-4A0D-8E44-AB30294A1A7A}.Debug|Any CPU.ActiveCfg = Debug|Any CPU
		{CFA1F3FF-F0F7-4A0D-8E44-AB30294A1A7A}.Debug|Any CPU.Build.0 = Debug|Any CPU
		{CFA1F3FF-F0F7-4A0D-8E44-AB30294A1A7A}.Debug|x64.ActiveCfg = Debug|x64
		{CFA1F3FF-F0F7-4A0D-8E44-AB30294A1A7A}.Debug|x64.Build.0 = Debug|x64
		{CFA1F3FF-F0F7-4A0D-8E44-AB30294A1A7A}.Debug|x86.ActiveCfg = Debug|x86
		{CFA1F3FF-F0F7-4A0D-8E44-AB30294A1A7A}.Debug|x86.Build.0 = Debug|x86
		{CFA1F3FF-F0F7-4A0D-8E44-AB30294A1A7A}.Release|Any CPU.ActiveCfg = Release|Any CPU
		{CFA1F3FF-F0F7-4A0D-8E44-AB30294A1A7A}.Release|Any CPU.Build.0 = Release|Any CPU
		{CFA1F3FF-F0F7-4A0D-8E44-AB30294A1A7A}.Release|x64.ActiveCfg = Release|x64
		{CFA1F3FF-F0F7-4A0D-8E44-AB30294A1A7A}.Release|x64.Build.0 = Release|x64
		{CFA1F3FF-F0F7-4A0D-8E44-AB30294A1A7A}.Release|x86.ActiveCfg = Release|x86
		{CFA1F3FF-F0F7-4A0D-8E44-AB30294A1A7A}.Release|x86.Build.0 = Release|x86
		{C01B0016-1AFC-4936-A019-A1995B2A9173}.Debug|Any CPU.ActiveCfg = Debug|Any CPU
		{C01B0016-1AFC-4936-A019-A1995B2A9173}.Debug|Any CPU.Build.0 = Debug|Any CPU
		{C01B0016-1AFC-4936-A019-A1995B2A9173}.Debug|x64.ActiveCfg = Debug|x64
		{C01B0016-1AFC-4936-A019-A1995B2A9173}.Debug|x64.Build.0 = Debug|x64
		{C01B0016-1AFC-4936-A019-A1995B2A9173}.Debug|x86.ActiveCfg = Debug|x86
		{C01B0016-1AFC-4936-A019-A1995B2A9173}.Debug|x86.Build.0 = Debug|x86
		{C01B0016-1AFC-4936-A019-A1995B2A9173}.Release|Any CPU.ActiveCfg = Release|Any CPU
		{C01B0016-1AFC-4936-A019-A1995B2A9173}.Release|Any CPU.Build.0 = Release|Any CPU
		{C01B0016-1AFC-4936-A019-A1995B2A9173}.Release|x64.ActiveCfg = Release|x64
		{C01B0016-1AFC-4936-A019-A1995B2A9173}.Release|x64.Build.0 = Release|x64
		{C01B0016-1AFC-4936-A019-A1995B2A9173}.Release|x86.ActiveCfg = Release|x86
		{C01B0016-1AFC-4936-A019-A1995B2A9173}.Release|x86.Build.0 = Release|x86
	EndGlobalSection
EndGlobal
